// !$*UTF8*$!
{
	archiveVersion = 1;
	classes = {
	};
	objectVersion = 55;
	objects = {

/* Begin PBXBuildFile section */
		F882836B26CE5EBC006BCBDC /* SwiftUI_VoyagerApp.swift in Sources */ = {isa = PBXBuildFile; fileRef = F882836A26CE5EBC006BCBDC /* SwiftUI_VoyagerApp.swift */; };
		F882836D26CE5EBC006BCBDC /* ContentView.swift in Sources */ = {isa = PBXBuildFile; fileRef = F882836C26CE5EBC006BCBDC /* ContentView.swift */; };
		F882836F26CE5EBE006BCBDC /* Assets.xcassets in Resources */ = {isa = PBXBuildFile; fileRef = F882836E26CE5EBE006BCBDC /* Assets.xcassets */; };
		F882837226CE5EBE006BCBDC /* Preview Assets.xcassets in Resources */ = {isa = PBXBuildFile; fileRef = F882837126CE5EBE006BCBDC /* Preview Assets.xcassets */; };
		F882837A26CE5F3C006BCBDC /* AlignmentGuide.swift in Sources */ = {isa = PBXBuildFile; fileRef = F882837926CE5F3C006BCBDC /* AlignmentGuide.swift */; };
		F882837D26CE8747006BCBDC /* TextAlignment.swift in Sources */ = {isa = PBXBuildFile; fileRef = F882837C26CE8747006BCBDC /* TextAlignment.swift */; };
		F8830835296AFB570007701F /* JSBridgeView.swift in Sources */ = {isa = PBXBuildFile; fileRef = F8830834296AFB570007701F /* JSBridgeView.swift */; };
		F8BD8E4D299A239300BFD966 /* VisionHomeView.swift in Sources */ = {isa = PBXBuildFile; fileRef = F8BD8E4C299A239300BFD966 /* VisionHomeView.swift */; };
		F8CB538729D2C4CE0004B066 /* NavigationHomeView.swift in Sources */ = {isa = PBXBuildFile; fileRef = F8CB538629D2C4CE0004B066 /* NavigationHomeView.swift */; };
		F8CB538929D2C5720004B066 /* NavigationChildView.swift in Sources */ = {isa = PBXBuildFile; fileRef = F8CB538829D2C5720004B066 /* NavigationChildView.swift */; };
		F8CB538B29D2CBAA0004B066 /* NavigationNumberIncrement.swift in Sources */ = {isa = PBXBuildFile; fileRef = F8CB538A29D2CBAA0004B066 /* NavigationNumberIncrement.swift */; };
/* End PBXBuildFile section */

/* Begin PBXFileReference section */
		F882836726CE5EBC006BCBDC /* SwiftUI-Voyager.app */ = {isa = PBXFileReference; explicitFileType = wrapper.application; includeInIndex = 0; path = "SwiftUI-Voyager.app"; sourceTree = BUILT_PRODUCTS_DIR; };
		F882836A26CE5EBC006BCBDC /* SwiftUI_VoyagerApp.swift */ = {isa = PBXFileReference; lastKnownFileType = sourcecode.swift; path = SwiftUI_VoyagerApp.swift; sourceTree = "<group>"; };
		F882836C26CE5EBC006BCBDC /* ContentView.swift */ = {isa = PBXFileReference; lastKnownFileType = sourcecode.swift; path = ContentView.swift; sourceTree = "<group>"; };
		F882836E26CE5EBE006BCBDC /* Assets.xcassets */ = {isa = PBXFileReference; lastKnownFileType = folder.assetcatalog; path = Assets.xcassets; sourceTree = "<group>"; };
		F882837126CE5EBE006BCBDC /* Preview Assets.xcassets */ = {isa = PBXFileReference; lastKnownFileType = folder.assetcatalog; path = "Preview Assets.xcassets"; sourceTree = "<group>"; };
		F882837926CE5F3C006BCBDC /* AlignmentGuide.swift */ = {isa = PBXFileReference; lastKnownFileType = sourcecode.swift; path = AlignmentGuide.swift; sourceTree = "<group>"; };
		F882837C26CE8747006BCBDC /* TextAlignment.swift */ = {isa = PBXFileReference; lastKnownFileType = sourcecode.swift; path = TextAlignment.swift; sourceTree = "<group>"; };
		F8830834296AFB570007701F /* JSBridgeView.swift */ = {isa = PBXFileReference; lastKnownFileType = sourcecode.swift; path = JSBridgeView.swift; sourceTree = "<group>"; };
		F8BD8E4C299A239300BFD966 /* VisionHomeView.swift */ = {isa = PBXFileReference; lastKnownFileType = sourcecode.swift; path = VisionHomeView.swift; sourceTree = "<group>"; };
		F8CB538629D2C4CE0004B066 /* NavigationHomeView.swift */ = {isa = PBXFileReference; lastKnownFileType = sourcecode.swift; path = NavigationHomeView.swift; sourceTree = "<group>"; };
		F8CB538829D2C5720004B066 /* NavigationChildView.swift */ = {isa = PBXFileReference; lastKnownFileType = sourcecode.swift; path = NavigationChildView.swift; sourceTree = "<group>"; };
		F8CB538A29D2CBAA0004B066 /* NavigationNumberIncrement.swift */ = {isa = PBXFileReference; lastKnownFileType = sourcecode.swift; path = NavigationNumberIncrement.swift; sourceTree = "<group>"; };
/* End PBXFileReference section */

/* Begin PBXFrameworksBuildPhase section */
		F882836426CE5EBC006BCBDC /* Frameworks */ = {
			isa = PBXFrameworksBuildPhase;
			buildActionMask = 2147483647;
			files = (
			);
			runOnlyForDeploymentPostprocessing = 0;
		};
/* End PBXFrameworksBuildPhase section */

/* Begin PBXGroup section */
		F882835E26CE5EBC006BCBDC = {
			isa = PBXGroup;
			children = (
				F882836926CE5EBC006BCBDC /* SwiftUI-Voyager */,
				F882836826CE5EBC006BCBDC /* Products */,
			);
			sourceTree = "<group>";
		};
		F882836826CE5EBC006BCBDC /* Products */ = {
			isa = PBXGroup;
			children = (
				F882836726CE5EBC006BCBDC /* SwiftUI-Voyager.app */,
			);
			name = Products;
			sourceTree = "<group>";
		};
		F882836926CE5EBC006BCBDC /* SwiftUI-Voyager */ = {
			isa = PBXGroup;
			children = (
				F8CB538529D2C4C00004B066 /* Navigation */,
				F8BD8E4B299A238700BFD966 /* Vision */,
				F8830833296AFB410007701F /* JSBridge */,
				F882837826CE5F16006BCBDC /* Alignment */,
				F882836A26CE5EBC006BCBDC /* SwiftUI_VoyagerApp.swift */,
				F882836C26CE5EBC006BCBDC /* ContentView.swift */,
				F882836E26CE5EBE006BCBDC /* Assets.xcassets */,
				F882837026CE5EBE006BCBDC /* Preview Content */,
			);
			path = "SwiftUI-Voyager";
			sourceTree = "<group>";
		};
		F882837026CE5EBE006BCBDC /* Preview Content */ = {
			isa = PBXGroup;
			children = (
				F882837126CE5EBE006BCBDC /* Preview Assets.xcassets */,
			);
			path = "Preview Content";
			sourceTree = "<group>";
		};
		F882837826CE5F16006BCBDC /* Alignment */ = {
			isa = PBXGroup;
			children = (
				F882837B26CE5FA6006BCBDC /* TextAlignment */,
				F882837926CE5F3C006BCBDC /* AlignmentGuide.swift */,
			);
			path = Alignment;
			sourceTree = "<group>";
		};
		F882837B26CE5FA6006BCBDC /* TextAlignment */ = {
			isa = PBXGroup;
			children = (
				F882837C26CE8747006BCBDC /* TextAlignment.swift */,
			);
			path = TextAlignment;
			sourceTree = "<group>";
		};
		F8830833296AFB410007701F /* JSBridge */ = {
			isa = PBXGroup;
			children = (
				F8830834296AFB570007701F /* JSBridgeView.swift */,
			);
			path = JSBridge;
			sourceTree = "<group>";
		};
		F8BD8E4B299A238700BFD966 /* Vision */ = {
			isa = PBXGroup;
			children = (
				F8BD8E4C299A239300BFD966 /* VisionHomeView.swift */,
			);
			path = Vision;
			sourceTree = "<group>";
		};
		F8CB538529D2C4C00004B066 /* Navigation */ = {
			isa = PBXGroup;
			children = (
				F8CB538629D2C4CE0004B066 /* NavigationHomeView.swift */,
				F8CB538829D2C5720004B066 /* NavigationChildView.swift */,
				F8CB538A29D2CBAA0004B066 /* NavigationNumberIncrement.swift */,
			);
			path = Navigation;
			sourceTree = "<group>";
		};
/* End PBXGroup section */

/* Begin PBXNativeTarget section */
		F882836626CE5EBC006BCBDC /* SwiftUI-Voyager */ = {
			isa = PBXNativeTarget;
			buildConfigurationList = F882837526CE5EBE006BCBDC /* Build configuration list for PBXNativeTarget "SwiftUI-Voyager" */;
			buildPhases = (
				F882836326CE5EBC006BCBDC /* Sources */,
				F882836426CE5EBC006BCBDC /* Frameworks */,
				F882836526CE5EBC006BCBDC /* Resources */,
			);
			buildRules = (
			);
			dependencies = (
			);
			name = "SwiftUI-Voyager";
			productName = "SwiftUI-Voyager";
			productReference = F882836726CE5EBC006BCBDC /* SwiftUI-Voyager.app */;
			productType = "com.apple.product-type.application";
		};
/* End PBXNativeTarget section */

/* Begin PBXProject section */
		F882835F26CE5EBC006BCBDC /* Project object */ = {
			isa = PBXProject;
			attributes = {
				BuildIndependentTargetsInParallel = 1;
				LastSwiftUpdateCheck = 1300;
				LastUpgradeCheck = 1300;
				TargetAttributes = {
					F882836626CE5EBC006BCBDC = {
						CreatedOnToolsVersion = 13.0;
					};
				};
			};
			buildConfigurationList = F882836226CE5EBC006BCBDC /* Build configuration list for PBXProject "SwiftUI-Voyager" */;
			compatibilityVersion = "Xcode 13.0";
			developmentRegion = en;
			hasScannedForEncodings = 0;
			knownRegions = (
				en,
				Base,
			);
			mainGroup = F882835E26CE5EBC006BCBDC;
			productRefGroup = F882836826CE5EBC006BCBDC /* Products */;
			projectDirPath = "";
			projectRoot = "";
			targets = (
				F882836626CE5EBC006BCBDC /* SwiftUI-Voyager */,
			);
		};
/* End PBXProject section */

/* Begin PBXResourcesBuildPhase section */
		F882836526CE5EBC006BCBDC /* Resources */ = {
			isa = PBXResourcesBuildPhase;
			buildActionMask = 2147483647;
			files = (
				F882837226CE5EBE006BCBDC /* Preview Assets.xcassets in Resources */,
				F882836F26CE5EBE006BCBDC /* Assets.xcassets in Resources */,
			);
			runOnlyForDeploymentPostprocessing = 0;
		};
/* End PBXResourcesBuildPhase section */

/* Begin PBXSourcesBuildPhase section */
		F882836326CE5EBC006BCBDC /* Sources */ = {
			isa = PBXSourcesBuildPhase;
			buildActionMask = 2147483647;
			files = (
				F882836D26CE5EBC006BCBDC /* ContentView.swift in Sources */,
				F882836B26CE5EBC006BCBDC /* SwiftUI_VoyagerApp.swift in Sources */,
				F8CB538B29D2CBAA0004B066 /* NavigationNumberIncrement.swift in Sources */,
				F882837D26CE8747006BCBDC /* TextAlignment.swift in Sources */,
				F8CB538929D2C5720004B066 /* NavigationChildView.swift in Sources */,
				F8CB538729D2C4CE0004B066 /* NavigationHomeView.swift in Sources */,
				F8BD8E4D299A239300BFD966 /* VisionHomeView.swift in Sources */,
				F8830835296AFB570007701F /* JSBridgeView.swift in Sources */,
				F882837A26CE5F3C006BCBDC /* AlignmentGuide.swift in Sources */,
			);
			runOnlyForDeploymentPostprocessing = 0;
		};
/* End PBXSourcesBuildPhase section */

/* Begin XCBuildConfiguration section */
		F882837326CE5EBE006BCBDC /* Debug */ = {
			isa = XCBuildConfiguration;
			buildSettings = {
				ALWAYS_SEARCH_USER_PATHS = NO;
				CLANG_ANALYZER_NONNULL = YES;
				CLANG_ANALYZER_NUMBER_OBJECT_CONVERSION = YES_AGGRESSIVE;
				CLANG_CXX_LANGUAGE_STANDARD = "gnu++14";
				CLANG_CXX_LIBRARY = "libc++";
				CLANG_ENABLE_MODULES = YES;
				CLANG_ENABLE_OBJC_ARC = YES;
				CLANG_ENABLE_OBJC_WEAK = YES;
				CLANG_WARN_BLOCK_CAPTURE_AUTORELEASING = YES;
				CLANG_WARN_BOOL_CONVERSION = YES;
				CLANG_WARN_COMMA = YES;
				CLANG_WARN_CONSTANT_CONVERSION = YES;
				CLANG_WARN_DEPRECATED_OBJC_IMPLEMENTATIONS = YES;
				CLANG_WARN_DIRECT_OBJC_ISA_USAGE = YES_ERROR;
				CLANG_WARN_DOCUMENTATION_COMMENTS = YES;
				CLANG_WARN_EMPTY_BODY = YES;
				CLANG_WARN_ENUM_CONVERSION = YES;
				CLANG_WARN_INFINITE_RECURSION = YES;
				CLANG_WARN_INT_CONVERSION = YES;
				CLANG_WARN_NON_LITERAL_NULL_CONVERSION = YES;
				CLANG_WARN_OBJC_IMPLICIT_RETAIN_SELF = YES;
				CLANG_WARN_OBJC_LITERAL_CONVERSION = YES;
				CLANG_WARN_OBJC_ROOT_CLASS = YES_ERROR;
				CLANG_WARN_QUOTED_INCLUDE_IN_FRAMEWORK_HEADER = YES;
				CLANG_WARN_RANGE_LOOP_ANALYSIS = YES;
				CLANG_WARN_STRICT_PROTOTYPES = YES;
				CLANG_WARN_SUSPICIOUS_MOVE = YES;
				CLANG_WARN_UNGUARDED_AVAILABILITY = YES_AGGRESSIVE;
				CLANG_WARN_UNREACHABLE_CODE = YES;
				CLANG_WARN__DUPLICATE_METHOD_MATCH = YES;
				COPY_PHASE_STRIP = NO;
				DEBUG_INFORMATION_FORMAT = dwarf;
				ENABLE_STRICT_OBJC_MSGSEND = YES;
				ENABLE_TESTABILITY = YES;
				GCC_C_LANGUAGE_STANDARD = gnu11;
				GCC_DYNAMIC_NO_PIC = NO;
				GCC_NO_COMMON_BLOCKS = YES;
				GCC_OPTIMIZATION_LEVEL = 0;
				GCC_PREPROCESSOR_DEFINITIONS = (
					"DEBUG=1",
					"$(inherited)",
				);
				GCC_WARN_64_TO_32_BIT_CONVERSION = YES;
				GCC_WARN_ABOUT_RETURN_TYPE = YES_ERROR;
				GCC_WARN_UNDECLARED_SELECTOR = YES;
				GCC_WARN_UNINITIALIZED_AUTOS = YES_AGGRESSIVE;
				GCC_WARN_UNUSED_FUNCTION = YES;
				GCC_WARN_UNUSED_VARIABLE = YES;
				IPHONEOS_DEPLOYMENT_TARGET = 16.0;
				MTL_ENABLE_DEBUG_INFO = INCLUDE_SOURCE;
				MTL_FAST_MATH = YES;
				ONLY_ACTIVE_ARCH = YES;
				SDKROOT = iphoneos;
				SWIFT_ACTIVE_COMPILATION_CONDITIONS = DEBUG;
				SWIFT_OPTIMIZATION_LEVEL = "-Onone";
			};
			name = Debug;
		};
		F882837426CE5EBE006BCBDC /* Release */ = {
			isa = XCBuildConfiguration;
			buildSettings = {
				ALWAYS_SEARCH_USER_PATHS = NO;
				CLANG_ANALYZER_NONNULL = YES;
				CLANG_ANALYZER_NUMBER_OBJECT_CONVERSION = YES_AGGRESSIVE;
				CLANG_CXX_LANGUAGE_STANDARD = "gnu++14";
				CLANG_CXX_LIBRARY = "libc++";
				CLANG_ENABLE_MODULES = YES;
				CLANG_ENABLE_OBJC_ARC = YES;
				CLANG_ENABLE_OBJC_WEAK = YES;
				CLANG_WARN_BLOCK_CAPTURE_AUTORELEASING = YES;
				CLANG_WARN_BOOL_CONVERSION = YES;
				CLANG_WARN_COMMA = YES;
				CLANG_WARN_CONSTANT_CONVERSION = YES;
				CLANG_WARN_DEPRECATED_OBJC_IMPLEMENTATIONS = YES;
				CLANG_WARN_DIRECT_OBJC_ISA_USAGE = YES_ERROR;
				CLANG_WARN_DOCUMENTATION_COMMENTS = YES;
				CLANG_WARN_EMPTY_BODY = YES;
				CLANG_WARN_ENUM_CONVERSION = YES;
				CLANG_WARN_INFINITE_RECURSION = YES;
				CLANG_WARN_INT_CONVERSION = YES;
				CLANG_WARN_NON_LITERAL_NULL_CONVERSION = YES;
				CLANG_WARN_OBJC_IMPLICIT_RETAIN_SELF = YES;
				CLANG_WARN_OBJC_LITERAL_CONVERSION = YES;
				CLANG_WARN_OBJC_ROOT_CLASS = YES_ERROR;
				CLANG_WARN_QUOTED_INCLUDE_IN_FRAMEWORK_HEADER = YES;
				CLANG_WARN_RANGE_LOOP_ANALYSIS = YES;
				CLANG_WARN_STRICT_PROTOTYPES = YES;
				CLANG_WARN_SUSPICIOUS_MOVE = YES;
				CLANG_WARN_UNGUARDED_AVAILABILITY = YES_AGGRESSIVE;
				CLANG_WARN_UNREACHABLE_CODE = YES;
				CLANG_WARN__DUPLICATE_METHOD_MATCH = YES;
				COPY_PHASE_STRIP = NO;
				DEBUG_INFORMATION_FORMAT = "dwarf-with-dsym";
				ENABLE_NS_ASSERTIONS = NO;
				ENABLE_STRICT_OBJC_MSGSEND = YES;
				GCC_C_LANGUAGE_STANDARD = gnu11;
				GCC_NO_COMMON_BLOCKS = YES;
				GCC_WARN_64_TO_32_BIT_CONVERSION = YES;
				GCC_WARN_ABOUT_RETURN_TYPE = YES_ERROR;
				GCC_WARN_UNDECLARED_SELECTOR = YES;
				GCC_WARN_UNINITIALIZED_AUTOS = YES_AGGRESSIVE;
				GCC_WARN_UNUSED_FUNCTION = YES;
				GCC_WARN_UNUSED_VARIABLE = YES;
				IPHONEOS_DEPLOYMENT_TARGET = 16.0;
				MTL_ENABLE_DEBUG_INFO = NO;
				MTL_FAST_MATH = YES;
				SDKROOT = iphoneos;
				SWIFT_COMPILATION_MODE = wholemodule;
				SWIFT_OPTIMIZATION_LEVEL = "-O";
				VALIDATE_PRODUCT = YES;
			};
			name = Release;
		};
		F882837626CE5EBE006BCBDC /* Debug */ = {
			isa = XCBuildConfiguration;
			buildSettings = {
				ASSETCATALOG_COMPILER_APPICON_NAME = AppIcon;
				ASSETCATALOG_COMPILER_GLOBAL_ACCENT_COLOR_NAME = AccentColor;
				CODE_SIGN_STYLE = Automatic;
				CURRENT_PROJECT_VERSION = 1;
				DEVELOPMENT_ASSET_PATHS = "\"SwiftUI-Voyager/Preview Content\"";
				ENABLE_PREVIEWS = YES;
				GENERATE_INFOPLIST_FILE = YES;
				INFOPLIST_KEY_UIApplicationSceneManifest_Generation = YES;
				INFOPLIST_KEY_UIApplicationSupportsIndirectInputEvents = YES;
				INFOPLIST_KEY_UILaunchScreen_Generation = YES;
				INFOPLIST_KEY_UISupportedInterfaceOrientations_iPad = "UIInterfaceOrientationPortrait UIInterfaceOrientationPortraitUpsideDown UIInterfaceOrientationLandscapeLeft UIInterfaceOrientationLandscapeRight";
				INFOPLIST_KEY_UISupportedInterfaceOrientations_iPhone = "UIInterfaceOrientationPortrait UIInterfaceOrientationLandscapeLeft UIInterfaceOrientationLandscapeRight";
				IPHONEOS_DEPLOYMENT_TARGET = 16.0;
				LD_RUNPATH_SEARCH_PATHS = (
					"$(inherited)",
					"@executable_path/Frameworks",
				);
				MARKETING_VERSION = 1.0;
				PRODUCT_BUNDLE_IDENTIFIER = "MagicSource.SwiftUI-Voyager";
				PRODUCT_NAME = "$(TARGET_NAME)";
				SWIFT_EMIT_LOC_STRINGS = YES;
				SWIFT_VERSION = 5.0;
				TARGETED_DEVICE_FAMILY = "1,2";
			};
			name = Debug;
		};
		F882837726CE5EBE006BCBDC /* Release */ = {
			isa = XCBuildConfiguration;
			buildSettings = {
				ASSETCATALOG_COMPILER_APPICON_NAME = AppIcon;
				ASSETCATALOG_COMPILER_GLOBAL_ACCENT_COLOR_NAME = AccentColor;
				CODE_SIGN_STYLE = Automatic;
				CURRENT_PROJECT_VERSION = 1;
				DEVELOPMENT_ASSET_PATHS = "\"SwiftUI-Voyager/Preview Content\"";
				ENABLE_PREVIEWS = YES;
				GENERATE_INFOPLIST_FILE = YES;
				INFOPLIST_KEY_UIApplicationSceneManifest_Generation = YES;
				INFOPLIST_KEY_UIApplicationSupportsIndirectInputEvents = YES;
				INFOPLIST_KEY_UILaunchScreen_Generation = YES;
				INFOPLIST_KEY_UISupportedInterfaceOrientations_iPad = "UIInterfaceOrientationPortrait UIInterfaceOrientationPortraitUpsideDown UIInterfaceOrientationLandscapeLeft UIInterfaceOrientationLandscapeRight";
				INFOPLIST_KEY_UISupportedInterfaceOrientations_iPhone = "UIInterfaceOrientationPortrait UIInterfaceOrientationLandscapeLeft UIInterfaceOrientationLandscapeRight";
				IPHONEOS_DEPLOYMENT_TARGET = 16.0;
				LD_RUNPATH_SEARCH_PATHS = (
					"$(inherited)",
					"@executable_path/Frameworks",
				);
				MARKETING_VERSION = 1.0;
				PRODUCT_BUNDLE_IDENTIFIER = "MagicSource.SwiftUI-Voyager";
				PRODUCT_NAME = "$(TARGET_NAME)";
				SWIFT_EMIT_LOC_STRINGS = YES;
				SWIFT_VERSION = 5.0;
				TARGETED_DEVICE_FAMILY = "1,2";
			};
			name = Release;
		};
/* End XCBuildConfiguration section */

/* Begin XCConfigurationList section */
		F882836226CE5EBC006BCBDC /* Build configuration list for PBXProject "SwiftUI-Voyager" */ = {
			isa = XCConfigurationList;
			buildConfigurations = (
				F882837326CE5EBE006BCBDC /* Debug */,
				F882837426CE5EBE006BCBDC /* Release */,
			);
			defaultConfigurationIsVisible = 0;
			defaultConfigurationName = Release;
		};
		F882837526CE5EBE006BCBDC /* Build configuration list for PBXNativeTarget "SwiftUI-Voyager" */ = {
			isa = XCConfigurationList;
			buildConfigurations = (
				F882837626CE5EBE006BCBDC /* Debug */,
				F882837726CE5EBE006BCBDC /* Release */,
			);
			defaultConfigurationIsVisible = 0;
			defaultConfigurationName = Release;
		};
/* End XCConfigurationList section */
	};
	rootObject = F882835F26CE5EBC006BCBDC /* Project object */;
}
